{
  "name": "@mindflight/ghostcrab-remote-demos",
  "version": "0.0.0",
  "lockfileVersion": 3,
  "requires": true,
  "packages": {
    "": {
      "name": "@mindflight/ghostcrab-remote-demos",
      "version": "0.0.0",
      "dependencies": {
        "@mindflight/ghostcrab-personal-mcp": "file:../.."
      },
      "engines": {
        "node": ">=20"
      }
    },
    "../..": {
      "name": "@mindflight/ghostcrab-personal-mcp",
      "version": "0.2.12",
      "hasInstallScript": true,
      "license": "SEE LICENSE IN Licence.md",
      "dependencies": {
        "@modelcontextprotocol/sdk": "^1.27.1",
        "yaml": "^2.8.3",
        "zod": "^4.3.6"
      },
      "bin": {
        "gcp": "bin/gcp.mjs",
        "ghostcrab": "bin/ghostcrab.mjs"
      },
      "devDependencies": {
        "@eslint/js": "^10.0.1",
        "@types/node": "^25.5.0",
        "eslint": "^10.1.0",
        "globals": "^17.4.0",
        "prettier": "^3.8.1",
        "tsx": "^4.21.0",
        "typescript": "^5.9.3",
        "typescript-eslint": "^8.57.1",
        "vitest": "^4.1.0"
      },
      "engines": {
        "node": ">=20.0.0"
      },
      "optionalDependencies": {
        "@mindflight/ghostcrab-personal-mcp-darwin-arm64": "0.2.12",
        "@mindflight/ghostcrab-personal-mcp-darwin-x64": "0.2.12",
        "@mindflight/ghostcrab-personal-mcp-linux-arm64": "0.2.12",
        "@mindflight/ghostcrab-personal-mcp-linux-x64": "0.2.12",
        "@mindflight/ghostcrab-personal-mcp-win32-x64": "0.2.12"
      }
    },
    "node_modules/@mindflight/ghostcrab-personal-mcp": {
      "resolved": "../..",
      "link": true
    }
  }
}
